
Microsoft Visual Studio Solution File, Format Version 12.00
# Visual Studio Version 17
VisualStudioVersion = 17.12.35707.178 d17.12
MinimumVisualStudioVersion = 10.0.40219.1
Project("{FAE04EC0-301F-11D3-BF4B-00C04F79EFBC}") = "TodoList.Core", "TodoList.Core\TodoList.Core.csproj", "{2FCB2B4F-6BD4-49C2-A182-5E3E1AB03156}"
EndProject
Project("{FAE04EC0-301F-11D3-BF4B-00C04F79EFBC}") = "TodoList.DataAccess", "TodoList.DataAccess\TodoList.DataAccess.csproj", "{07938C29-35F7-49D8-AE7A-BF49FC692A95}"
EndProject
Project("{FAE04EC0-301F-11D3-BF4B-00C04F79EFBC}") = "TodoList.API", "TodoList.API\TodoList.API.csproj", "{9FDA9762-696E-4E21-A2ED-97D76E64F692}"
EndProject
Project("{FAE04EC0-301F-11D3-BF4B-00C04F79EFBC}") = "TodoList.Business", "TodoList.Business\TodoList.Business.csproj", "{023FADDC-C6BA-4BBD-B835-7AB35E0DC76F}"
EndProject
Global
	GlobalSection(SolutionConfigurationPlatforms) = preSolution
		Debug|Any CPU = Debug|Any CPU
		Release|Any CPU = Release|Any CPU
	EndGlobalSection
	GlobalSection(ProjectConfigurationPlatforms) = postSolution
		{2FCB2B4F-6BD4-49C2-A182-5E3E1AB03156}.Debug|Any CPU.ActiveCfg = Debug|Any CPU
		{2FCB2B4F-6BD4-49C2-A182-5E3E1AB03156}.Debug|Any CPU.Build.0 = Debug|Any CPU
		{2FCB2B4F-6BD4-49C2-A182-5E3E1AB03156}.Release|Any CPU.ActiveCfg = Release|Any CPU
		{2FCB2B4F-6BD4-49C2-A182-5E3E1AB03156}.Release|Any CPU.Build.0 = Release|Any CPU
		{07938C29-35F7-49D8-AE7A-BF49FC692A95}.Debug|Any CPU.ActiveCfg = Debug|Any CPU
		{07938C29-35F7-49D8-AE7A-BF49FC692A95}.Debug|Any CPU.Build.0 = Debug|Any CPU
		{07938C29-35F7-49D8-AE7A-BF49FC692A95}.Release|Any CPU.ActiveCfg = Release|Any CPU
		{07938C29-35F7-49D8-AE7A-BF49FC692A95}.Release|Any CPU.Build.0 = Release|Any CPU
		{9FDA9762-696E-4E21-A2ED-97D76E64F692}.Debug|Any CPU.ActiveCfg = Debug|Any CPU
		{9FDA9762-696E-4E21-A2ED-97D76E64F692}.Debug|Any CPU.Build.0 = Debug|Any CPU
		{9FDA9762-696E-4E21-A2ED-97D76E64F692}.Release|Any CPU.ActiveCfg = Release|Any CPU
		{9FDA9762-696E-4E21-A2ED-97D76E64F692}.Release|Any CPU.Build.0 = Release|Any CPU
		{023FADDC-C6BA-4BBD-B835-7AB35E0DC76F}.Debug|Any CPU.ActiveCfg = Debug|Any CPU
		{023FADDC-C6BA-4BBD-B835-7AB35E0DC76F}.Debug|Any CPU.Build.0 = Debug|Any CPU
		{023FADDC-C6BA-4BBD-B835-7AB35E0DC76F}.Release|Any CPU.ActiveCfg = Release|Any CPU
		{023FADDC-C6BA-4BBD-B835-7AB35E0DC76F}.Release|Any CPU.Build.0 = Release|Any CPU
	EndGlobalSection
	GlobalSection(SolutionProperties) = preSolution
		HideSolutionNode = FALSE
	EndGlobalSection
EndGlobal
